
Microsoft Visual Studio Solution File, Format Version 12.00
# Visual Studio Version 16
VisualStudioVersion = 16.0.32228.343
MinimumVisualStudioVersion = 10.0.40219.1
Project("{FAE04EC0-301F-11D3-BF4B-00C04F79EFBC}") = "CDF_CobilasPacote", "CDF_CobilasPacote\CDF_CobilasPacote.csproj", "{1B9D023A-0D94-474A-98DC-4CD378CD2847}"
EndProject
Project("{FAE04EC0-301F-11D3-BF4B-00C04F79EFBC}") = "CDL_CobilasPacote", "CDL_CobilasPacote\CDL_CobilasPacote.csproj", "{61CEC13C-3059-4EE3-9C9B-EBCC1718EA59}"
EndProject
Global
	GlobalSection(SolutionConfigurationPlatforms) = preSolution
		Debug|Any CPU = Debug|Any CPU
		Release|Any CPU = Release|Any CPU
	EndGlobalSection
	GlobalSection(ProjectConfigurationPlatforms) = postSolution
		{1B9D023A-0D94-474A-98DC-4CD378CD2847}.Debug|Any CPU.ActiveCfg = Debug|Any CPU
		{1B9D023A-0D94-474A-98DC-4CD378CD2847}.Debug|Any CPU.Build.0 = Debug|Any CPU
		{1B9D023A-0D94-474A-98DC-4CD378CD2847}.Release|Any CPU.ActiveCfg = Release|Any CPU
		{1B9D023A-0D94-474A-98DC-4CD378CD2847}.Release|Any CPU.Build.0 = Release|Any CPU
		{61CEC13C-3059-4EE3-9C9B-EBCC1718EA59}.Debug|Any CPU.ActiveCfg = Debug|Any CPU
		{61CEC13C-3059-4EE3-9C9B-EBCC1718EA59}.Debug|Any CPU.Build.0 = Debug|Any CPU
		{61CEC13C-3059-4EE3-9C9B-EBCC1718EA59}.Release|Any CPU.ActiveCfg = Release|Any CPU
		{61CEC13C-3059-4EE3-9C9B-EBCC1718EA59}.Release|Any CPU.Build.0 = Release|Any CPU
	EndGlobalSection
	GlobalSection(SolutionProperties) = preSolution
		HideSolutionNode = FALSE
	EndGlobalSection
	GlobalSection(ExtensibilityGlobals) = postSolution
		SolutionGuid = {ACED6E74-55ED-422B-9310-D47640C635CE}
	EndGlobalSection
EndGlobal
